<?xml version="1.0" encoding="utf-8"?>
<Project ToolsVersion="4.0" xmlns="http://schemas.microsoft.com/developer/msbuild/2003">
  <ItemGroup>
    <Filter Include="Source Files">
      <UniqueIdentifier>{4FC737F1-C7A5-4376-A066-2A32D752A2FF}</UniqueIdentifier>
      <Extensions>cpp;c;cc;cxx;def;odl;idl;hpj;bat;asm;asmx</Extensions>
    </Filter>
    <Filter Include="Header Files">
      <UniqueIdentifier>{93995380-89BD-4b04-88EB-625FBE52EBFB}</UniqueIdentifier>
      <Extensions>h;hh;hpp;hxx;hm;inl;inc;ipp;xsd</Extensions>
    </Filter>
    <Filter Include="Resource Files">
      <UniqueIdentifier>{67DA6AB6-F800-4c08-8B7A-83BB121AAD01}</UniqueIdentifier>
      <Extensions>rc;ico;cur;bmp;dlg;rc2;rct;bin;rgs;gif;jpg;jpeg;jpe;resx;tiff;tif;png;wav;mfcribbon-ms</Extensions>
    </Filter>
    <Filter Include="Global">
      <UniqueIdentifier>{f25166e3-76ba-4f95-b9e9-b65386cd8bb0}</UniqueIdentifier>
    </Filter>
    <Filter Include="Mesh Manager">
      <UniqueIdentifier>{d353871d-eff8-4b28-8bb4-74c833bdfc08}</UniqueIdentifier>
    </Filter>
    <Filter Include="Shader Manager">
      <UniqueIdentifier>{84e76d68-2949-4124-940f-d5f5d4690b59}</UniqueIdentifier>
    </Filter>
    <Filter Include="Shader Manager\Shaders">
      <UniqueIdentifier>{bab387cf-fd28-4915-b15c-fd26970f84b3}</UniqueIdentifier>
    </Filter>
    <Filter Include="Enemies">
      <UniqueIdentifier>{72a28aef-b8be-4635-8866-15b675f76638}</UniqueIdentifier>
    </Filter>
    <Filter Include="Enemies\Header Files">
      <UniqueIdentifier>{ed9d0011-c554-481e-99b0-deaab1c6dbd8}</UniqueIdentifier>
    </Filter>
    <Filter Include="Light">
      <UniqueIdentifier>{e3988971-7209-4330-965d-b8e5542936e0}</UniqueIdentifier>
    </Filter>
    <Filter Include="Textures">
      <UniqueIdentifier>{883a6153-888e-4d36-8230-5ffcf8582edb}</UniqueIdentifier>
    </Filter>
    <Filter Include="JSON Files">
      <UniqueIdentifier>{b0618654-e71a-4591-8f39-746e27eb61c4}</UniqueIdentifier>
    </Filter>
    <Filter Include="Pick_up">
      <UniqueIdentifier>{d3dc85e7-6df3-43cb-83b4-e0bb83752025}</UniqueIdentifier>
    </Filter>
  </ItemGroup>
  <ItemGroup>
    <ClCompile Include="Main.cpp">
      <Filter>Source Files</Filter>
    </ClCompile>
    <ClCompile Include="cShader.cpp">
      <Filter>Shader Manager</Filter>
    </ClCompile>
    <ClCompile Include="cShaderManager.cpp">
      <Filter>Shader Manager</Filter>
    </ClCompile>
    <ClCompile Include="glad.c">
      <Filter>Source Files</Filter>
    </ClCompile>
    <ClCompile Include="cVAOMeshManager.cpp">
      <Filter>Mesh Manager</Filter>
    </ClCompile>
    <ClCompile Include="sModelDrawInfo.cpp">
      <Filter>Mesh Manager</Filter>
    </ClCompile>
    <ClCompile Include="UserIO.cpp">
      <Filter>Source Files</Filter>
    </ClCompile>
    <ClCompile Include="Enemies\cBoss.cpp">
      <Filter>Enemies</Filter>
    </ClCompile>
    <ClCompile Include="Enemies\cEnemy.cpp">
      <Filter>Enemies</Filter>
    </ClCompile>
    <ClCompile Include="Enemies\cFinalBoss.cpp">
      <Filter>Enemies</Filter>
    </ClCompile>
    <ClCompile Include="Enemies\cLevelBoss1.cpp">
      <Filter>Enemies</Filter>
    </ClCompile>
    <ClCompile Include="Enemies\cLevelBoss2.cpp">
      <Filter>Enemies</Filter>
    </ClCompile>
    <ClCompile Include="Enemies\cLevelEnemyType1.cpp">
      <Filter>Enemies</Filter>
    </ClCompile>
    <ClCompile Include="Enemies\cLevelEnemyType2.cpp">
      <Filter>Enemies</Filter>
    </ClCompile>
    <ClCompile Include="Enemies\cEnemyFactory.cpp">
      <Filter>Enemies</Filter>
    </ClCompile>
    <ClCompile Include="loadFromJSON.cpp">
      <Filter>Source Files</Filter>
    </ClCompile>
    <ClCompile Include="cMeshObject.cpp">
      <Filter>Source Files</Filter>
    </ClCompile>
    <ClCompile Include="loadAllMeshes.cpp">
      <Filter>Source Files</Filter>
    </ClCompile>
    <ClCompile Include="Physics.cpp">
      <Filter>Source Files</Filter>
    </ClCompile>
    <ClCompile Include="DrawObject.cpp">
      <Filter>Source Files</Filter>
    </ClCompile>
    <ClCompile Include="cPlayer.cpp">
      <Filter>Source Files</Filter>
    </ClCompile>
    <ClCompile Include="cLight.cpp">
      <Filter>Light</Filter>
    </ClCompile>
    <ClCompile Include="cLightHelper.cpp">
      <Filter>Light</Filter>
    </ClCompile>
    <ClCompile Include="cLightManager.cpp">
      <Filter>Light</Filter>
    </ClCompile>
    <ClCompile Include="TextureManager\C24BitBMPpixel.cpp">
      <Filter>Textures</Filter>
    </ClCompile>
    <ClCompile Include="TextureManager\cBasicTextureManager.cpp">
      <Filter>Textures</Filter>
    </ClCompile>
    <ClCompile Include="TextureManager\CTextureFromBMP.cpp">
      <Filter>Textures</Filter>
    </ClCompile>
    <ClCompile Include="Coin.cpp">
      <Filter>Pick_up</Filter>
    </ClCompile>
    <ClCompile Include="HealthObj.cpp">
      <Filter>Pick_up</Filter>
    </ClCompile>
    <ClCompile Include="PickupObjManager.cpp">
      <Filter>Pick_up</Filter>
    </ClCompile>
  </ItemGroup>
  <ItemGroup>
    <ClInclude Include="global.h">
      <Filter>Global</Filter>
    </ClInclude>
    <ClInclude Include="sPlyTriangle.h">
      <Filter>Header Files</Filter>
    </ClInclude>
    <ClInclude Include="sPlyVertex.h">
      <Filter>Header Files</Filter>
    </ClInclude>
    <ClInclude Include="cShaderManager.h">
      <Filter>Shader Manager</Filter>
    </ClInclude>
    <ClInclude Include="cMeshObject.h">
      <Filter>Header Files</Filter>
    </ClInclude>
    <ClInclude Include="cVAOMeshManager.h">
      <Filter>Mesh Manager</Filter>
    </ClInclude>
    <ClInclude Include="sModelDrawInfo.h">
      <Filter>Mesh Manager</Filter>
    </ClInclude>
    <ClInclude Include="Enemies\cBoss.h">
      <Filter>Enemies\Header Files</Filter>
    </ClInclude>
    <ClInclude Include="Enemies\cFinalBoss.h">
      <Filter>Enemies\Header Files</Filter>
    </ClInclude>
    <ClInclude Include="Enemies\cLevelBoss1.h">
      <Filter>Enemies\Header Files</Filter>
    </ClInclude>
    <ClInclude Include="Enemies\cLevelBoss2.h">
      <Filter>Enemies\Header Files</Filter>
    </ClInclude>
    <ClInclude Include="Enemies\cLevelEnemyType1.h">
      <Filter>Enemies\Header Files</Filter>
    </ClInclude>
    <ClInclude Include="Enemies\cLevelEnemyType2.h">
      <Filter>Enemies\Header Files</Filter>
    </ClInclude>
    <ClInclude Include="Enemies\cEnemy.h">
      <Filter>Enemies\Header Files</Filter>
    </ClInclude>
    <ClInclude Include="Enemies\cEnemyFactory.h">
      <Filter>Enemies\Header Files</Filter>
    </ClInclude>
    <ClInclude Include="cPlatform.h">
      <Filter>Header Files</Filter>
    </ClInclude>
    <ClInclude Include="cPlayer.h">
      <Filter>Header Files</Filter>
    </ClInclude>
    <ClInclude Include="cLight.h">
      <Filter>Light</Filter>
    </ClInclude>
    <ClInclude Include="cLightHelper.h">
      <Filter>Light</Filter>
    </ClInclude>
    <ClInclude Include="cLightManager.h">
      <Filter>Light</Filter>
    </ClInclude>
    <ClInclude Include="TextureManager\C24BitBMPpixel.h">
      <Filter>Textures</Filter>
    </ClInclude>
    <ClInclude Include="TextureManager\cBasicTextureManager.h">
      <Filter>Textures</Filter>
    </ClInclude>
    <ClInclude Include="TextureManager\CTextureFromBMP.h">
      <Filter>Textures</Filter>
    </ClInclude>
    <ClInclude Include="Coin.h">
      <Filter>Pick_up</Filter>
    </ClInclude>
    <ClInclude Include="HealthObj.h">
      <Filter>Pick_up</Filter>
    </ClInclude>
    <ClInclude Include="PickUpObj.h">
      <Filter>Pick_up</Filter>
    </ClInclude>
  </ItemGroup>
  <ItemGroup>
    <None Include="lights1.json">
      <Filter>Light</Filter>
    </None>
    <None Include="assets\shaders\fragment01.glsl">
      <Filter>Shader Manager\Shaders</Filter>
    </None>
    <None Include="assets\shaders\vertex01.glsl">
      <Filter>Shader Manager\Shaders</Filter>
    </None>
    <None Include="enemies.json">
      <Filter>JSON Files</Filter>
    </None>
    <None Include="platforms.json">
      <Filter>JSON Files</Filter>
    </None>
    <None Include="player.json">
      <Filter>JSON Files</Filter>
    </None>
    <None Include="pickUp.json">
      <Filter>JSON Files</Filter>
    </None>
  </ItemGroup>
</Project>