
Microsoft Visual Studio Solution File, Format Version 12.00
# Visual Studio 15
VisualStudioVersion = 15.0.28010.2026
MinimumVisualStudioVersion = 10.0.40219.1
Project("{8BC9CEB8-8B4A-11D0-8D11-00A0C91BC942}") = "LLamaDrama", "LLamaDrama\LLamaDrama.vcxproj", "{D8658AF9-0972-4F3D-AE60-02184017A87C}"
EndProject
Global
	GlobalSection(SolutionConfigurationPlatforms) = preSolution
		Debug|x64 = Debug|x64
		Debug|x86 = Debug|x86
		Release|x64 = Release|x64
		Release|x86 = Release|x86
	EndGlobalSection
	GlobalSection(ProjectConfigurationPlatforms) = postSolution
		{D8658AF9-0972-4F3D-AE60-02184017A87C}.Debug|x64.ActiveCfg = Debug|x64
		{D8658AF9-0972-4F3D-AE60-02184017A87C}.Debug|x64.Build.0 = Debug|x64
		{D8658AF9-0972-4F3D-AE60-02184017A87C}.Debug|x86.ActiveCfg = Debug|Win32
		{D8658AF9-0972-4F3D-AE60-02184017A87C}.Debug|x86.Build.0 = Debug|Win32
		{D8658AF9-0972-4F3D-AE60-02184017A87C}.Release|x64.ActiveCfg = Release|x64
		{D8658AF9-0972-4F3D-AE60-02184017A87C}.Release|x64.Build.0 = Release|x64
		{D8658AF9-0972-4F3D-AE60-02184017A87C}.Release|x86.ActiveCfg = Release|Win32
		{D8658AF9-0972-4F3D-AE60-02184017A87C}.Release|x86.Build.0 = Release|Win32
	EndGlobalSection
	GlobalSection(SolutionProperties) = preSolution
		HideSolutionNode = FALSE
	EndGlobalSection
	GlobalSection(ExtensibilityGlobals) = postSolution
		SolutionGuid = {6DD21CFC-BF59-4BD2-880B-BFDBD40257F8}
	EndGlobalSection
EndGlobal
